
Microsoft Visual Studio Solution File, Format Version 12.00
# Visual Studio Version 17
VisualStudioVersion = 17.4.33213.308
MinimumVisualStudioVersion = 10.0.40219.1
Project("{FAE04EC0-301F-11D3-BF4B-00C04F79EFBC}") = "Unadesk", "Unadesk\Unadesk.csproj", "{C208DF0D-D560-4FF8-9478-D2C75C64B157}"
EndProject
Global
	GlobalSection(SolutionConfigurationPlatforms) = preSolution
		Debug|Any CPU = Debug|Any CPU
		Release|Any CPU = Release|Any CPU
	EndGlobalSection
	GlobalSection(ProjectConfigurationPlatforms) = postSolution
		{C208DF0D-D560-4FF8-9478-D2C75C64B157}.Debug|Any CPU.ActiveCfg = Debug|Any CPU
		{C208DF0D-D560-4FF8-9478-D2C75C64B157}.Debug|Any CPU.Build.0 = Debug|Any CPU
		{C208DF0D-D560-4FF8-9478-D2C75C64B157}.Release|Any CPU.ActiveCfg = Release|Any CPU
		{C208DF0D-D560-4FF8-9478-D2C75C64B157}.Release|Any CPU.Build.0 = Release|Any CPU
	EndGlobalSection
	GlobalSection(SolutionProperties) = preSolution
		HideSolutionNode = FALSE
	EndGlobalSection
	GlobalSection(ExtensibilityGlobals) = postSolution
		SolutionGuid = {CBDCD04E-15E7-4E9A-BC52-8A3385B353F3}
	EndGlobalSection
EndGlobal
